{
  "version": 4,
  "terraform_version": "1.3.4",
  "serial": 36,
  "lineage": "cd7e4358-04ac-79c4-3373-37c5ecdb9d95",
  "outputs": {
    "public_ip_address": {
      "value": "devTF-virtual-machine:",
      "type": "string"
    }
  },
  "resources": [
    {
      "mode": "data",
      "type": "azurerm_public_ip",
      "name": "devTF-ip-data",
      "provider": "provider[\"registry.terraform.io/hashicorp/azurerm\"]",
      "instances": [
        {
          "schema_version": 0,
          "attributes": {
            "allocation_method": "Dynamic",
            "domain_name_label": "",
            "fqdn": "",
            "id": "/subscriptions/dcf8b2c0-428a-4a9b-98ac-9ccf81def74c/resourceGroups/devTFResourceGroup/providers/Microsoft.Network/publicIPAddresses/devTF-public-ip",
            "idle_timeout_in_minutes": 4,
            "ip_address": "",
            "ip_tags": {},
            "ip_version": "IPv4",
            "location": "eastus",
            "name": "devTF-public-ip",
            "resource_group_name": "devTFResourceGroup",
            "reverse_fqdn": "",
            "sku": "Basic",
            "tags": {
              "Environment": "Dev"
            },
            "timeouts": null,
            "zones": []
          },
          "sensitive_attributes": []
        }
      ]
    },
    {
      "mode": "managed",
      "type": "azurerm_linux_virtual_machine",
      "name": "devTF-VM",
      "provider": "provider[\"registry.terraform.io/hashicorp/azurerm\"]",
      "instances": [
        {
          "schema_version": 0,
          "attributes": {
            "additional_capabilities": [],
            "admin_password": null,
            "admin_ssh_key": [
              {
                "public_key": "ssh-rsa AAAAB3NzaC1yc2EAAAADAQABAAABgQCkGFeBOa6uw0q7Trs65ycP0+kWoegiAW8fv/PNEZTJ4ZK/mRTWTj7WGcOe1IdADrXWttGUyHUwVmxWLGky1O3uiGewUhmdfNZi9ry4ql20EkW06dy6sUXg+ctokUfn13/eEw7lXy/2NgWaCPC4aHmf7qJOsStiVp2385S5+/WFNtIBKkanrTZtP25J+Ddorgt3rvpQZ7Pw0sscKMtU9M0b2UyKpwlTfq0ahc9XUCgFl3v0v8jUeIJLydFv/rUJQhdsmIi0lrJmVj+9/FGc2CcBYHN5EVZhiPak+e4RSexGWulz/zdd6iBQA74ICOuP9sGMml3wsaoZ6Fms4ikbqKODPgKzxDPlZRvEPj3zbiysKJbsLEaNmNDGfedtY2hymJT+LGq8IPsinRm8ZJP405DfjjAJBKAn4Z7I6mGd6EufCIwYFpe2+tUbqL74SMNM6zKF0A9PVNcmQwICLA6VLDpmqAlZNtPbF1DRlec+BnO5OuEw1Bi51AtaG+lI6/I1cnM= chukaife@DESKTOP-35FA5GJ",
                "username": "adminuser"
              }
            ],
            "admin_username": "adminuser",
            "allow_extension_operations": true,
            "availability_set_id": "",
            "boot_diagnostics": [],
            "computer_name": "devTF-virtual-machine",
            "custom_data": "IyEvYmluL2Jhc2gKc3VkbyBhcHQtZ2V0IHVwZGF0ZSAteSAmJgpzdWRvIGFwdC1nZXQgaW5zdGFsbCAteSBcCmFwdC10cmFuc3BvcnQtaHR0cHMgXApjYS1jZXJ0aWZpY2F0ZXMgXApjdXJsIFwKZ251cGctYWdlbnQgXApzb2Z0d2FyZS1wcm9wZXJ0aWVzLWNvbW1vbiAmJgpjdXJsIC1mc1NMIGh0dHBzOi8vZG93bmxvYWQuZG9ja2VyLmNvbS9saW51eC91YnVudHUvZ3BnIHwgc3VkbyBhcHQta2V5IGFkZCAtICYmCnN1ZG8gYWRkLWFwdC1yZXBvc2l0b3J5ICJkZWIgW2FyY2g9YW1kNjRdIGh0dHBzOi8vZG93bmxvYWQuZG9ja2VyLmNvbS9saW51eC91YnVudHUgJChsc2JfcmVsZWFzZSAtY3MpIHN0YWJsZSIgJiYKc3VkbyBhcHQtZ2V0IHVwZGF0ZSAteSAmJgpzdWRvIHN1ZG8gYXB0LWdldCBpbnN0YWxsIGRvY2tlci1jZSBkb2NrZXItY2UtY2xpIGNvbnRhaW5lcmQuaW8gLXkgJiYKc3VkbyB1c2VybW9kIC1hRyBkb2NrZXIgdWJ1bnR1",
            "dedicated_host_group_id": "",
            "dedicated_host_id": "",
            "disable_password_authentication": true,
            "edge_zone": "",
            "encryption_at_host_enabled": false,
            "eviction_policy": "",
            "extensions_time_budget": "PT1H30M",
            "id": "/subscriptions/dcf8b2c0-428a-4a9b-98ac-9ccf81def74c/resourceGroups/devTFResourceGroup/providers/Microsoft.Compute/virtualMachines/devTF-virtual-machine",
            "identity": [],
            "license_type": "",
            "location": "eastus",
            "max_bid_price": -1,
            "name": "devTF-virtual-machine",
            "network_interface_ids": [
              "/subscriptions/dcf8b2c0-428a-4a9b-98ac-9ccf81def74c/resourceGroups/devTFResourceGroup/providers/Microsoft.Network/networkInterfaces/devTF-nic"
            ],
            "os_disk": [
              {
                "caching": "ReadWrite",
                "diff_disk_settings": [],
                "disk_encryption_set_id": "",
                "disk_size_gb": 30,
                "name": "devTF-virtual-machine_OsDisk_1_ade3f380e7224477857c799d7af88d95",
                "storage_account_type": "Standard_LRS",
                "write_accelerator_enabled": false
              }
            ],
            "patch_mode": "ImageDefault",
            "plan": [],
            "platform_fault_domain": -1,
            "priority": "Regular",
            "private_ip_address": "10.0.1.4",
            "private_ip_addresses": [
              "10.0.1.4"
            ],
            "provision_vm_agent": true,
            "proximity_placement_group_id": "",
            "public_ip_address": "20.163.252.240",
            "public_ip_addresses": [
              "20.163.252.240"
            ],
            "resource_group_name": "devTFResourceGroup",
            "secret": [],
            "secure_boot_enabled": false,
            "size": "Standard_B1s",
            "source_image_id": "",
            "source_image_reference": [
              {
                "offer": "UbuntuServer",
                "publisher": "Canonical",
                "sku": "18.04-LTS",
                "version": "latest"
              }
            ],
            "tags": {
              "Environment": "Dev"
            },
            "termination_notification": null,
            "timeouts": null,
            "user_data": "",
            "virtual_machine_id": "829a2352-c27a-4507-918b-f6e91353b5a4",
            "virtual_machine_scale_set_id": "",
            "vtpm_enabled": false,
            "zone": ""
          },
          "sensitive_attributes": [],
          "private": "eyJlMmJmYjczMC1lY2FhLTExZTYtOGY4OC0zNDM2M2JjN2M0YzAiOnsiY3JlYXRlIjoyNzAwMDAwMDAwMDAwLCJkZWxldGUiOjI3MDAwMDAwMDAwMDAsInJlYWQiOjMwMDAwMDAwMDAwMCwidXBkYXRlIjoyNzAwMDAwMDAwMDAwfX0=",
          "dependencies": [
            "azurerm_network_interface.devTF-nic"
          ]
        }
      ]
    },
    {
      "mode": "managed",
      "type": "azurerm_network_interface",
      "name": "devTF-nic",
      "provider": "provider[\"registry.terraform.io/hashicorp/azurerm\"]",
      "instances": [
        {
          "schema_version": 0,
          "attributes": {
            "applied_dns_servers": [],
            "dns_servers": [],
            "edge_zone": "",
            "enable_accelerated_networking": false,
            "enable_ip_forwarding": false,
            "id": "/subscriptions/dcf8b2c0-428a-4a9b-98ac-9ccf81def74c/resourceGroups/devTFResourceGroup/providers/Microsoft.Network/networkInterfaces/devTF-nic",
            "internal_dns_name_label": "",
            "internal_domain_name_suffix": "",
            "ip_configuration": [
              {
                "gateway_load_balancer_frontend_ip_configuration_id": "",
                "name": "internal",
                "primary": true,
                "private_ip_address": "10.0.1.4",
                "private_ip_address_allocation": "Dynamic",
                "private_ip_address_version": "IPv4",
                "public_ip_address_id": "/subscriptions/dcf8b2c0-428a-4a9b-98ac-9ccf81def74c/resourceGroups/devTFResourceGroup/providers/Microsoft.Network/publicIPAddresses/devTF-public-ip",
                "subnet_id": "/subscriptions/dcf8b2c0-428a-4a9b-98ac-9ccf81def74c/resourceGroups/devTFResourceGroup/providers/Microsoft.Network/virtualNetworks/devTFVnet/subnets/devTF-pub-subnet"
              }
            ],
            "location": "eastus",
            "mac_address": "60-45-BD-D3-1B-7C",
            "name": "devTF-nic",
            "private_ip_address": "10.0.1.4",
            "private_ip_addresses": [
              "10.0.1.4"
            ],
            "resource_group_name": "devTFResourceGroup",
            "tags": {
              "Environment": "Dev"
            },
            "timeouts": null,
            "virtual_machine_id": "/subscriptions/dcf8b2c0-428a-4a9b-98ac-9ccf81def74c/resourceGroups/devTFResourceGroup/providers/Microsoft.Compute/virtualMachines/devTF-virtual-machine"
          },
          "sensitive_attributes": [],
          "private": "eyJlMmJmYjczMC1lY2FhLTExZTYtOGY4OC0zNDM2M2JjN2M0YzAiOnsiY3JlYXRlIjoxODAwMDAwMDAwMDAwLCJkZWxldGUiOjE4MDAwMDAwMDAwMDAsInJlYWQiOjMwMDAwMDAwMDAwMCwidXBkYXRlIjoxODAwMDAwMDAwMDAwfX0=",
          "dependencies": [
            "azurerm_public_ip.devTF-ip",
            "azurerm_resource_group.dev-rg",
            "azurerm_subnet.devTF-SN",
            "azurerm_virtual_network.dev-vnet"
          ]
        }
      ]
    },
    {
      "mode": "managed",
      "type": "azurerm_network_security_group",
      "name": "devTF-SG",
      "provider": "provider[\"registry.terraform.io/hashicorp/azurerm\"]",
      "instances": [
        {
          "schema_version": 0,
          "attributes": {
            "id": "/subscriptions/dcf8b2c0-428a-4a9b-98ac-9ccf81def74c/resourceGroups/devTFResourceGroup/providers/Microsoft.Network/networkSecurityGroups/devTF-sg",
            "location": "eastus",
            "name": "devTF-sg",
            "resource_group_name": "devTFResourceGroup",
            "security_rule": [
              {
                "access": "Allow",
                "description": "",
                "destination_address_prefix": "*",
                "destination_address_prefixes": [],
                "destination_application_security_group_ids": [],
                "destination_port_range": "*",
                "destination_port_ranges": [],
                "direction": "Inbound",
                "name": "dev-rule-001",
                "priority": 100,
                "protocol": "*",
                "source_address_prefix": "*",
                "source_address_prefixes": [],
                "source_application_security_group_ids": [],
                "source_port_range": "*",
                "source_port_ranges": []
              }
            ],
            "tags": {
              "Environment": "Dev"
            },
            "timeouts": null
          },
          "sensitive_attributes": [],
          "private": "eyJlMmJmYjczMC1lY2FhLTExZTYtOGY4OC0zNDM2M2JjN2M0YzAiOnsiY3JlYXRlIjoxODAwMDAwMDAwMDAwLCJkZWxldGUiOjE4MDAwMDAwMDAwMDAsInJlYWQiOjMwMDAwMDAwMDAwMCwidXBkYXRlIjoxODAwMDAwMDAwMDAwfX0="
        }
      ]
    },
    {
      "mode": "managed",
      "type": "azurerm_public_ip",
      "name": "devTF-ip",
      "provider": "provider[\"registry.terraform.io/hashicorp/azurerm\"]",
      "instances": [
        {
          "schema_version": 0,
          "attributes": {
            "allocation_method": "Dynamic",
            "domain_name_label": null,
            "edge_zone": "",
            "fqdn": null,
            "id": "/subscriptions/dcf8b2c0-428a-4a9b-98ac-9ccf81def74c/resourceGroups/devTFResourceGroup/providers/Microsoft.Network/publicIPAddresses/devTF-public-ip",
            "idle_timeout_in_minutes": 4,
            "ip_address": "",
            "ip_tags": {},
            "ip_version": "IPv4",
            "location": "eastus",
            "name": "devTF-public-ip",
            "public_ip_prefix_id": null,
            "resource_group_name": "devTFResourceGroup",
            "reverse_fqdn": null,
            "sku": "Basic",
            "sku_tier": "Regional",
            "tags": {
              "Environment": "Dev"
            },
            "timeouts": null,
            "zones": []
          },
          "sensitive_attributes": [],
          "private": "eyJlMmJmYjczMC1lY2FhLTExZTYtOGY4OC0zNDM2M2JjN2M0YzAiOnsiY3JlYXRlIjoxODAwMDAwMDAwMDAwLCJkZWxldGUiOjE4MDAwMDAwMDAwMDAsInJlYWQiOjMwMDAwMDAwMDAwMCwidXBkYXRlIjoxODAwMDAwMDAwMDAwfX0="
        }
      ]
    },
    {
      "mode": "managed",
      "type": "azurerm_resource_group",
      "name": "dev-rg",
      "provider": "provider[\"registry.terraform.io/hashicorp/azurerm\"]",
      "instances": [
        {
          "schema_version": 0,
          "attributes": {
            "id": "/subscriptions/dcf8b2c0-428a-4a9b-98ac-9ccf81def74c/resourceGroups/devTFResourceGroup",
            "location": "eastus",
            "name": "devTFResourceGroup",
            "tags": {
              "Environment": "Dev",
              "Team": "DevOps"
            },
            "timeouts": null
          },
          "sensitive_attributes": [],
          "private": "eyJlMmJmYjczMC1lY2FhLTExZTYtOGY4OC0zNDM2M2JjN2M0YzAiOnsiY3JlYXRlIjo1NDAwMDAwMDAwMDAwLCJkZWxldGUiOjU0MDAwMDAwMDAwMDAsInJlYWQiOjMwMDAwMDAwMDAwMCwidXBkYXRlIjo1NDAwMDAwMDAwMDAwfX0="
        }
      ]
    },
    {
      "mode": "managed",
      "type": "azurerm_subnet",
      "name": "devTF-SN",
      "provider": "provider[\"registry.terraform.io/hashicorp/azurerm\"]",
      "instances": [
        {
          "schema_version": 0,
          "attributes": {
            "address_prefixes": [
              "10.0.1.0/24"
            ],
            "delegation": [],
            "enforce_private_link_endpoint_network_policies": false,
            "enforce_private_link_service_network_policies": false,
            "id": "/subscriptions/dcf8b2c0-428a-4a9b-98ac-9ccf81def74c/resourceGroups/devTFResourceGroup/providers/Microsoft.Network/virtualNetworks/devTFVnet/subnets/devTF-pub-subnet",
            "name": "devTF-pub-subnet",
            "resource_group_name": "devTFResourceGroup",
            "service_endpoint_policy_ids": [],
            "service_endpoints": [],
            "timeouts": null,
            "virtual_network_name": "devTFVnet"
          },
          "sensitive_attributes": [],
          "private": "eyJlMmJmYjczMC1lY2FhLTExZTYtOGY4OC0zNDM2M2JjN2M0YzAiOnsiY3JlYXRlIjoxODAwMDAwMDAwMDAwLCJkZWxldGUiOjE4MDAwMDAwMDAwMDAsInJlYWQiOjMwMDAwMDAwMDAwMCwidXBkYXRlIjoxODAwMDAwMDAwMDAwfX0=",
          "dependencies": [
            "azurerm_resource_group.dev-rg",
            "azurerm_virtual_network.dev-vnet"
          ]
        }
      ]
    },
    {
      "mode": "managed",
      "type": "azurerm_subnet_network_security_group_association",
      "name": "devTF-SGa",
      "provider": "provider[\"registry.terraform.io/hashicorp/azurerm\"]",
      "instances": [
        {
          "schema_version": 0,
          "attributes": {
            "id": "/subscriptions/dcf8b2c0-428a-4a9b-98ac-9ccf81def74c/resourceGroups/devTFResourceGroup/providers/Microsoft.Network/virtualNetworks/devTFVnet/subnets/devTF-pub-subnet",
            "network_security_group_id": "/subscriptions/dcf8b2c0-428a-4a9b-98ac-9ccf81def74c/resourceGroups/devTFResourceGroup/providers/Microsoft.Network/networkSecurityGroups/devTF-sg",
            "subnet_id": "/subscriptions/dcf8b2c0-428a-4a9b-98ac-9ccf81def74c/resourceGroups/devTFResourceGroup/providers/Microsoft.Network/virtualNetworks/devTFVnet/subnets/devTF-pub-subnet",
            "timeouts": null
          },
          "sensitive_attributes": [],
          "private": "eyJlMmJmYjczMC1lY2FhLTExZTYtOGY4OC0zNDM2M2JjN2M0YzAiOnsiY3JlYXRlIjoxODAwMDAwMDAwMDAwLCJkZWxldGUiOjE4MDAwMDAwMDAwMDAsInJlYWQiOjMwMDAwMDAwMDAwMCwidXBkYXRlIjoxODAwMDAwMDAwMDAwfX0=",
          "dependencies": [
            "azurerm_network_security_group.devTF-SG",
            "azurerm_resource_group.dev-rg",
            "azurerm_subnet.devTF-SN",
            "azurerm_virtual_network.dev-vnet"
          ]
        }
      ]
    },
    {
      "mode": "managed",
      "type": "azurerm_virtual_network",
      "name": "dev-vnet",
      "provider": "provider[\"registry.terraform.io/hashicorp/azurerm\"]",
      "instances": [
        {
          "schema_version": 0,
          "attributes": {
            "address_space": [
              "10.0.0.0/16"
            ],
            "bgp_community": "",
            "ddos_protection_plan": [],
            "dns_servers": [],
            "edge_zone": "",
            "flow_timeout_in_minutes": 0,
            "guid": "aa3f7898-4205-4a90-b0d8-fa92874f3c2c",
            "id": "/subscriptions/dcf8b2c0-428a-4a9b-98ac-9ccf81def74c/resourceGroups/devTFResourceGroup/providers/Microsoft.Network/virtualNetworks/devTFVnet",
            "location": "eastus",
            "name": "devTFVnet",
            "resource_group_name": "devTFResourceGroup",
            "subnet": [
              {
                "address_prefix": "10.0.1.0/24",
                "id": "/subscriptions/dcf8b2c0-428a-4a9b-98ac-9ccf81def74c/resourceGroups/devTFResourceGroup/providers/Microsoft.Network/virtualNetworks/devTFVnet/subnets/devTF-pub-subnet",
                "name": "devTF-pub-subnet",
                "security_group": "/subscriptions/dcf8b2c0-428a-4a9b-98ac-9ccf81def74c/resourceGroups/devTFResourceGroup/providers/Microsoft.Network/networkSecurityGroups/devTF-sg"
              }
            ],
            "tags": {},
            "timeouts": {
              "create": null,
              "delete": null,
              "read": null,
              "update": null
            }
          },
          "sensitive_attributes": [],
          "private": "eyJlMmJmYjczMC1lY2FhLTExZTYtOGY4OC0zNDM2M2JjN2M0YzAiOnsiY3JlYXRlIjoxODAwMDAwMDAwMDAwLCJkZWxldGUiOjE4MDAwMDAwMDAwMDAsInJlYWQiOjMwMDAwMDAwMDAwMCwidXBkYXRlIjoxODAwMDAwMDAwMDAwfSwic2NoZW1hX3ZlcnNpb24iOiIwIn0=",
          "dependencies": [
            "azurerm_resource_group.dev-rg"
          ]
        }
      ]
    }
  ],
  "check_results": null
}

